
Microsoft Visual Studio Solution File, Format Version 12.00
# Visual Studio Version 17
VisualStudioVersion = 17.0.31903.59
MinimumVisualStudioVersion = 10.0.40219.1
Project("{FAE04EC0-301F-11D3-BF4B-00C04F79EFBC}") = "EasyFinder", "EasyFinder\EasyFinder.csproj", "{3DECD4F5-33ED-40FE-8CC4-DEAC9E8F4D61}"
EndProject
Project("{FAE04EC0-301F-11D3-BF4B-00C04F79EFBC}") = "EasyFinder.Tests", "EasyFinder.Tests\EasyFinder.Tests.csproj", "{851C6173-D3B1-4526-AC3C-BC6CB6D212BD}"
EndProject
Global
	GlobalSection(SolutionConfigurationPlatforms) = preSolution
		Debug|Any CPU = Debug|Any CPU
		Debug|x64 = Debug|x64
		Debug|x86 = Debug|x86
		Release|Any CPU = Release|Any CPU
		Release|x64 = Release|x64
		Release|x86 = Release|x86
	EndGlobalSection
	GlobalSection(ProjectConfigurationPlatforms) = postSolution
		{3DECD4F5-33ED-40FE-8CC4-DEAC9E8F4D61}.Debug|Any CPU.ActiveCfg = Debug|Any CPU
		{3DECD4F5-33ED-40FE-8CC4-DEAC9E8F4D61}.Debug|Any CPU.Build.0 = Debug|Any CPU
		{3DECD4F5-33ED-40FE-8CC4-DEAC9E8F4D61}.Debug|x64.ActiveCfg = Debug|Any CPU
		{3DECD4F5-33ED-40FE-8CC4-DEAC9E8F4D61}.Debug|x64.Build.0 = Debug|Any CPU
		{3DECD4F5-33ED-40FE-8CC4-DEAC9E8F4D61}.Debug|x86.ActiveCfg = Debug|Any CPU
		{3DECD4F5-33ED-40FE-8CC4-DEAC9E8F4D61}.Debug|x86.Build.0 = Debug|Any CPU
		{3DECD4F5-33ED-40FE-8CC4-DEAC9E8F4D61}.Release|Any CPU.ActiveCfg = Release|Any CPU
		{3DECD4F5-33ED-40FE-8CC4-DEAC9E8F4D61}.Release|Any CPU.Build.0 = Release|Any CPU
		{3DECD4F5-33ED-40FE-8CC4-DEAC9E8F4D61}.Release|x64.ActiveCfg = Release|Any CPU
		{3DECD4F5-33ED-40FE-8CC4-DEAC9E8F4D61}.Release|x64.Build.0 = Release|Any CPU
		{3DECD4F5-33ED-40FE-8CC4-DEAC9E8F4D61}.Release|x86.ActiveCfg = Release|Any CPU
		{3DECD4F5-33ED-40FE-8CC4-DEAC9E8F4D61}.Release|x86.Build.0 = Release|Any CPU
		{851C6173-D3B1-4526-AC3C-BC6CB6D212BD}.Debug|Any CPU.ActiveCfg = Debug|Any CPU
		{851C6173-D3B1-4526-AC3C-BC6CB6D212BD}.Debug|Any CPU.Build.0 = Debug|Any CPU
		{851C6173-D3B1-4526-AC3C-BC6CB6D212BD}.Debug|x64.ActiveCfg = Debug|Any CPU
		{851C6173-D3B1-4526-AC3C-BC6CB6D212BD}.Debug|x64.Build.0 = Debug|Any CPU
		{851C6173-D3B1-4526-AC3C-BC6CB6D212BD}.Debug|x86.ActiveCfg = Debug|Any CPU
		{851C6173-D3B1-4526-AC3C-BC6CB6D212BD}.Debug|x86.Build.0 = Debug|Any CPU
		{851C6173-D3B1-4526-AC3C-BC6CB6D212BD}.Release|Any CPU.ActiveCfg = Release|Any CPU
		{851C6173-D3B1-4526-AC3C-BC6CB6D212BD}.Release|Any CPU.Build.0 = Release|Any CPU
		{851C6173-D3B1-4526-AC3C-BC6CB6D212BD}.Release|x64.ActiveCfg = Release|Any CPU
		{851C6173-D3B1-4526-AC3C-BC6CB6D212BD}.Release|x64.Build.0 = Release|Any CPU
		{851C6173-D3B1-4526-AC3C-BC6CB6D212BD}.Release|x86.ActiveCfg = Release|Any CPU
		{851C6173-D3B1-4526-AC3C-BC6CB6D212BD}.Release|x86.Build.0 = Release|Any CPU
	EndGlobalSection
	GlobalSection(SolutionProperties) = preSolution
		HideSolutionNode = FALSE
	EndGlobalSection
EndGlobal
